
Microsoft Visual Studio Solution File, Format Version 12.00
# Visual Studio 15
VisualStudioVersion = 15.0.27428.2037
MinimumVisualStudioVersion = 10.0.40219.1
Project("{FAE04EC0-301F-11D3-BF4B-00C04F79EFBC}") = "CustomClimateCycle", "CustomClimateCycle\CustomClimateCycle.csproj", "{0ACB432E-FE76-4B78-82E9-BFDB60E7E278}"
EndProject
Global
	GlobalSection(SolutionConfigurationPlatforms) = preSolution
		Debug|Any CPU = Debug|Any CPU
		Release|Any CPU = Release|Any CPU
	EndGlobalSection
	GlobalSection(ProjectConfigurationPlatforms) = postSolution
		{0ACB432E-FE76-4B78-82E9-BFDB60E7E278}.Debug|Any CPU.ActiveCfg = Debug|Any CPU
		{0ACB432E-FE76-4B78-82E9-BFDB60E7E278}.Debug|Any CPU.Build.0 = Debug|Any CPU
		{0ACB432E-FE76-4B78-82E9-BFDB60E7E278}.Release|Any CPU.ActiveCfg = Release|Any CPU
		{0ACB432E-FE76-4B78-82E9-BFDB60E7E278}.Release|Any CPU.Build.0 = Release|Any CPU
	EndGlobalSection
	GlobalSection(SolutionProperties) = preSolution
		HideSolutionNode = FALSE
	EndGlobalSection
	GlobalSection(ExtensibilityGlobals) = postSolution
		SolutionGuid = {94CC68AA-BFE4-4C2E-BA11-5E1BD3C33493}
	EndGlobalSection
EndGlobal
